{
  "name": "uniapp",
  "version": "1.0.0",
  "lockfileVersion": 1,
  "requires": true,
  "dependencies": {
    "umtrack-alipay": {
      "version": "2.3.2",
      "resolved": "https://registry.npmjs.org/umtrack-alipay/-/umtrack-alipay-2.3.2.tgz",
      "integrity": "sha512-e7YeY0l8o8TjluvppJBlcr+L5876FZOOhoCjMP9Y8UcMmE9O8p9bRw5nrVfQ7ARnnv80YT8uQqKTL3Lyw58MYg=="
    },
    "umtrack-wx": {
      "version": "2.3.2",
      "resolved": "https://registry.npmjs.org/umtrack-wx/-/umtrack-wx-2.3.2.tgz",
      "integrity": "sha512-9Is5Dyo/DLyjKt0+1gsxUDiIVdV/oTReMWFzZZcMRf1ffMipHYoAw0MNHNUojfdOvUoKHsKPbQOtEbdnBeNgkA=="
    }
  }
}
