{
  "name": "wx-game",
  "version": "1.0.0",
  "lockfileVersion": 1,
  "requires": true,
  "dependencies": {
    "umtrack-wx": {
      "version": "2.2.1-1",
      "resolved": "https://registry.npmjs.org/umtrack-wx/-/umtrack-wx-2.2.1-1.tgz",
      "integrity": "sha512-PVvaIinMRaJBX7N2S8drCAdy7Swhio7JO8x1GsjbjVyPHI2d0tgY5NT6GjjY+MTkwjIwLqATztOh2AFEB8NCIA=="
    }
  }
}
