{
  "name": "alipay",
  "version": "1.0.0",
  "lockfileVersion": 1,
  "requires": true,
  "dependencies": {
    "umtrack-alipay": {
      "version": "2.5.2",
      "resolved": "https://registry.npm.taobao.org/umtrack-alipay/download/umtrack-alipay-2.5.2.tgz",
      "integrity": "sha1-Cq7Q8ukvSNnBHOUrNmKuT+G7VHg="
    }
  }
}
