{
  "name": "alipay",
  "version": "1.0.0",
  "lockfileVersion": 1,
  "requires": true,
  "dependencies": {
    "umtrack-alipay": {
      "version": "2.2.0",
      "resolved": "https://registry.npmjs.org/umtrack-alipay/-/umtrack-alipay-2.2.0.tgz",
      "integrity": "sha512-zjExaSbWhdXo2/q95vgaw7p2kB0y8gbvb43OBKodq8awjBSW/cy9TS1Jq+2DM4p+drArG9pVa8bEoUc3PNAHQQ=="
    }
  }
}
