{
  "name": "weixin",
  "version": "1.0.0",
  "lockfileVersion": 1,
  "requires": true,
  "dependencies": {
    "@alicloud/mpserverless-analyse-wxsdk": {
      "version": "1.0.0",
      "resolved": "https://registry.npmjs.org/@alicloud/mpserverless-analyse-wxsdk/-/mpserverless-analyse-wxsdk-1.0.0.tgz",
      "integrity": "sha512-5LOx8BcJa/pOvndClfjLbXeWr2ISG0JpwFZRoSKiCOiJVCotnihN8sn5Rx70wyEgb5Pooc+fOPW3lHER85oYDg=="
    },
    "@alicloud/mpserverless-sdk": {
      "version": "2.2.0-alpha.0",
      "resolved": "http://r.cnpmjs.org/@alicloud/mpserverless-sdk/download/@alicloud/mpserverless-sdk-2.2.0-alpha.0.tgz",
      "integrity": "sha1-33I9Pf75SZyqK/tZa86LkAs4Kwg="
    },
    "umtrack-wx": {
      "version": "2.2.1-1",
      "resolved": "https://registry.npmjs.org/umtrack-wx/-/umtrack-wx-2.2.1-1.tgz",
      "integrity": "sha512-PVvaIinMRaJBX7N2S8drCAdy7Swhio7JO8x1GsjbjVyPHI2d0tgY5NT6GjjY+MTkwjIwLqATztOh2AFEB8NCIA=="
    }
  }
}
